
Microsoft Visual Studio Solution File, Format Version 12.00
# Visual Studio Version 16
VisualStudioVersion = 16.0.34729.46
MinimumVisualStudioVersion = 10.0.40219.1
Project("{2150E333-8FDC-42A3-9474-1A3956D46DE8}") = "Task0", "Task0", "{DA3B2739-3D03-4F91-BC20-7FA214A608E4}"
EndProject
Project("{FAE04EC0-301F-11D3-BF4B-00C04F79EFBC}") = "Tyuiu.NedospasovaAE.Sprint2.Task0.V22.Lib", "Tyuiu.NedospasovaAE.Sprint2.Task0.V22.Lib\Tyuiu.NedospasovaAE.Sprint2.Task0.V22.Lib.csproj", "{B29F0198-0754-4767-BD58-B1B033945752}"
EndProject
Project("{FAE04EC0-301F-11D3-BF4B-00C04F79EFBC}") = "Tyuiu.NedospasovaAE.Sprint2.Task0.V22", "Tyuiu.NedospasovaAE.Sprint2.Task0.V22\Tyuiu.NedospasovaAE.Sprint2.Task0.V22.csproj", "{0B61B77F-C144-4B87-A106-9ADA64A57DD0}"
EndProject
Project("{FAE04EC0-301F-11D3-BF4B-00C04F79EFBC}") = "Tyuiu.NedospasovaAE.Sprint2.Task0.V22.Test", "Tyuiu.NedospasovaAE.Sprint2.Task0.V22.Test\Tyuiu.NedospasovaAE.Sprint2.Task0.V22.Test.csproj", "{E553A81D-3A73-4F74-A139-EC74333DEFCD}"
EndProject
Project("{2150E333-8FDC-42A3-9474-1A3956D46DE8}") = "Task1", "Task1", "{8D67AB48-F1E9-4FDD-BA82-2D661B1F868B}"
EndProject
Project("{FAE04EC0-301F-11D3-BF4B-00C04F79EFBC}") = "Tyuiu.NedospasovaAE.Sprint2.Task1.V4.Test", "Tyuiu.NedospasovaAE.Sprint2.Task1.V4.Test\Tyuiu.NedospasovaAE.Sprint2.Task1.V4.Test.csproj", "{12EBAD93-6265-4E5A-B0B6-F858439F19F5}"
EndProject
Project("{FAE04EC0-301F-11D3-BF4B-00C04F79EFBC}") = "Tyuiu.NedospasovaAE.Sprint2.Task1.V4", "Tyuiu.NedospasovaAE.Sprint2.Task1.V4\Tyuiu.NedospasovaAE.Sprint2.Task1.V4.csproj", "{8566B96B-6FFA-4BA4-899A-19909EC4A7A2}"
EndProject
Project("{FAE04EC0-301F-11D3-BF4B-00C04F79EFBC}") = "Tyuiu.NedospasovaAE.Sprint2.Task1.V4.Lib", "Tyuiu.NedospasovaAE.Sprint2.Task1.V4.Lib\Tyuiu.NedospasovaAE.Sprint2.Task1.V4.Lib.csproj", "{CD535F33-BC8D-453C-B2C0-52287CA2285F}"
EndProject
Project("{2150E333-8FDC-42A3-9474-1A3956D46DE8}") = "Task2", "Task2", "{E8E40C8E-FADD-43D4-BACC-8A745F6885B6}"
EndProject
Project("{FAE04EC0-301F-11D3-BF4B-00C04F79EFBC}") = "Tyuiu.NedospasovaAE.Sprint2.Task2.V23.Lib", "Tyuiu.NedospasovaAE.Sprint2.Task2.V23.Lib\Tyuiu.NedospasovaAE.Sprint2.Task2.V23.Lib.csproj", "{AD1F26FB-5ED4-42E9-97D6-B54513E16B54}"
EndProject
Project("{FAE04EC0-301F-11D3-BF4B-00C04F79EFBC}") = "Tyuiu.NedospasovaAE.Sprint2.Task2.V23", "Tyuiu.NedospasovaAE.Sprint2.Task2.V23\Tyuiu.NedospasovaAE.Sprint2.Task2.V23.csproj", "{3DDF1F63-1821-43D5-BECE-23B6E2F72679}"
EndProject
Project("{FAE04EC0-301F-11D3-BF4B-00C04F79EFBC}") = "Tyuiu.NedospasovaAE.Sprint2.Task2.V23.Test", "Tyuiu.NedospasovaAE.Sprint2.Task2.V23.Test\Tyuiu.NedospasovaAE.Sprint2.Task2.V23.Test.csproj", "{E3F0D870-736F-4918-9104-7C18F0179BF6}"
EndProject
Project("{2150E333-8FDC-42A3-9474-1A3956D46DE8}") = "Task3", "Task3", "{FBF6ED7C-796C-4D21-AF42-E64A9E065C1A}"
EndProject
Project("{FAE04EC0-301F-11D3-BF4B-00C04F79EFBC}") = "Tyuiu.NedospasovaAE.Sprint2.Task3.V11.Lib", "Tyuiu.NedospasovaAE.Sprint2.Task3.V11.Lib\Tyuiu.NedospasovaAE.Sprint2.Task3.V11.Lib.csproj", "{55F1BB66-55D4-499F-BFE6-EC091F78867B}"
EndProject
Project("{FAE04EC0-301F-11D3-BF4B-00C04F79EFBC}") = "Tyuiu.NedospasovaAE.Sprint2.Task3.V11", "Tyuiu.NedospasovaAE.Sprint2.Task3.V11\Tyuiu.NedospasovaAE.Sprint2.Task3.V11.csproj", "{6C073EC9-71F7-4C77-BBF2-4D7344736DD2}"
EndProject
Project("{FAE04EC0-301F-11D3-BF4B-00C04F79EFBC}") = "Tyuiu.NedospasovaAE.Sprint2.Task3.V11.Test", "Tyuiu.NedospasovaAE.Sprint2.Task3.V11.Test\Tyuiu.NedospasovaAE.Sprint2.Task3.V11.Test.csproj", "{9D2D46A5-C1F6-4F36-B449-17FBA862D1DB}"
EndProject
Global
	GlobalSection(SolutionConfigurationPlatforms) = preSolution
		Debug|Any CPU = Debug|Any CPU
		Release|Any CPU = Release|Any CPU
	EndGlobalSection
	GlobalSection(ProjectConfigurationPlatforms) = postSolution
		{B29F0198-0754-4767-BD58-B1B033945752}.Debug|Any CPU.ActiveCfg = Debug|Any CPU
		{B29F0198-0754-4767-BD58-B1B033945752}.Debug|Any CPU.Build.0 = Debug|Any CPU
		{B29F0198-0754-4767-BD58-B1B033945752}.Release|Any CPU.ActiveCfg = Release|Any CPU
		{B29F0198-0754-4767-BD58-B1B033945752}.Release|Any CPU.Build.0 = Release|Any CPU
		{0B61B77F-C144-4B87-A106-9ADA64A57DD0}.Debug|Any CPU.ActiveCfg = Debug|Any CPU
		{0B61B77F-C144-4B87-A106-9ADA64A57DD0}.Debug|Any CPU.Build.0 = Debug|Any CPU
		{0B61B77F-C144-4B87-A106-9ADA64A57DD0}.Release|Any CPU.ActiveCfg = Release|Any CPU
		{0B61B77F-C144-4B87-A106-9ADA64A57DD0}.Release|Any CPU.Build.0 = Release|Any CPU
		{E553A81D-3A73-4F74-A139-EC74333DEFCD}.Debug|Any CPU.ActiveCfg = Debug|Any CPU
		{E553A81D-3A73-4F74-A139-EC74333DEFCD}.Debug|Any CPU.Build.0 = Debug|Any CPU
		{E553A81D-3A73-4F74-A139-EC74333DEFCD}.Release|Any CPU.ActiveCfg = Release|Any CPU
		{E553A81D-3A73-4F74-A139-EC74333DEFCD}.Release|Any CPU.Build.0 = Release|Any CPU
		{12EBAD93-6265-4E5A-B0B6-F858439F19F5}.Debug|Any CPU.ActiveCfg = Debug|Any CPU
		{12EBAD93-6265-4E5A-B0B6-F858439F19F5}.Debug|Any CPU.Build.0 = Debug|Any CPU
		{12EBAD93-6265-4E5A-B0B6-F858439F19F5}.Release|Any CPU.ActiveCfg = Release|Any CPU
		{12EBAD93-6265-4E5A-B0B6-F858439F19F5}.Release|Any CPU.Build.0 = Release|Any CPU
		{8566B96B-6FFA-4BA4-899A-19909EC4A7A2}.Debug|Any CPU.ActiveCfg = Debug|Any CPU
		{8566B96B-6FFA-4BA4-899A-19909EC4A7A2}.Debug|Any CPU.Build.0 = Debug|Any CPU
		{8566B96B-6FFA-4BA4-899A-19909EC4A7A2}.Release|Any CPU.ActiveCfg = Release|Any CPU
		{8566B96B-6FFA-4BA4-899A-19909EC4A7A2}.Release|Any CPU.Build.0 = Release|Any CPU
		{CD535F33-BC8D-453C-B2C0-52287CA2285F}.Debug|Any CPU.ActiveCfg = Debug|Any CPU
		{CD535F33-BC8D-453C-B2C0-52287CA2285F}.Debug|Any CPU.Build.0 = Debug|Any CPU
		{CD535F33-BC8D-453C-B2C0-52287CA2285F}.Release|Any CPU.ActiveCfg = Release|Any CPU
		{CD535F33-BC8D-453C-B2C0-52287CA2285F}.Release|Any CPU.Build.0 = Release|Any CPU
		{AD1F26FB-5ED4-42E9-97D6-B54513E16B54}.Debug|Any CPU.ActiveCfg = Debug|Any CPU
		{AD1F26FB-5ED4-42E9-97D6-B54513E16B54}.Debug|Any CPU.Build.0 = Debug|Any CPU
		{AD1F26FB-5ED4-42E9-97D6-B54513E16B54}.Release|Any CPU.ActiveCfg = Release|Any CPU
		{AD1F26FB-5ED4-42E9-97D6-B54513E16B54}.Release|Any CPU.Build.0 = Release|Any CPU
		{3DDF1F63-1821-43D5-BECE-23B6E2F72679}.Debug|Any CPU.ActiveCfg = Debug|Any CPU
		{3DDF1F63-1821-43D5-BECE-23B6E2F72679}.Debug|Any CPU.Build.0 = Debug|Any CPU
		{3DDF1F63-1821-43D5-BECE-23B6E2F72679}.Release|Any CPU.ActiveCfg = Release|Any CPU
		{3DDF1F63-1821-43D5-BECE-23B6E2F72679}.Release|Any CPU.Build.0 = Release|Any CPU
		{E3F0D870-736F-4918-9104-7C18F0179BF6}.Debug|Any CPU.ActiveCfg = Debug|Any CPU
		{E3F0D870-736F-4918-9104-7C18F0179BF6}.Debug|Any CPU.Build.0 = Debug|Any CPU
		{E3F0D870-736F-4918-9104-7C18F0179BF6}.Release|Any CPU.ActiveCfg = Release|Any CPU
		{E3F0D870-736F-4918-9104-7C18F0179BF6}.Release|Any CPU.Build.0 = Release|Any CPU
		{55F1BB66-55D4-499F-BFE6-EC091F78867B}.Debug|Any CPU.ActiveCfg = Debug|Any CPU
		{55F1BB66-55D4-499F-BFE6-EC091F78867B}.Debug|Any CPU.Build.0 = Debug|Any CPU
		{55F1BB66-55D4-499F-BFE6-EC091F78867B}.Release|Any CPU.ActiveCfg = Release|Any CPU
		{55F1BB66-55D4-499F-BFE6-EC091F78867B}.Release|Any CPU.Build.0 = Release|Any CPU
		{6C073EC9-71F7-4C77-BBF2-4D7344736DD2}.Debug|Any CPU.ActiveCfg = Debug|Any CPU
		{6C073EC9-71F7-4C77-BBF2-4D7344736DD2}.Debug|Any CPU.Build.0 = Debug|Any CPU
		{6C073EC9-71F7-4C77-BBF2-4D7344736DD2}.Release|Any CPU.ActiveCfg = Release|Any CPU
		{6C073EC9-71F7-4C77-BBF2-4D7344736DD2}.Release|Any CPU.Build.0 = Release|Any CPU
		{9D2D46A5-C1F6-4F36-B449-17FBA862D1DB}.Debug|Any CPU.ActiveCfg = Debug|Any CPU
		{9D2D46A5-C1F6-4F36-B449-17FBA862D1DB}.Debug|Any CPU.Build.0 = Debug|Any CPU
		{9D2D46A5-C1F6-4F36-B449-17FBA862D1DB}.Release|Any CPU.ActiveCfg = Release|Any CPU
		{9D2D46A5-C1F6-4F36-B449-17FBA862D1DB}.Release|Any CPU.Build.0 = Release|Any CPU
	EndGlobalSection
	GlobalSection(SolutionProperties) = preSolution
		HideSolutionNode = FALSE
	EndGlobalSection
	GlobalSection(NestedProjects) = preSolution
		{B29F0198-0754-4767-BD58-B1B033945752} = {DA3B2739-3D03-4F91-BC20-7FA214A608E4}
		{0B61B77F-C144-4B87-A106-9ADA64A57DD0} = {DA3B2739-3D03-4F91-BC20-7FA214A608E4}
		{E553A81D-3A73-4F74-A139-EC74333DEFCD} = {DA3B2739-3D03-4F91-BC20-7FA214A608E4}
		{12EBAD93-6265-4E5A-B0B6-F858439F19F5} = {8D67AB48-F1E9-4FDD-BA82-2D661B1F868B}
		{8566B96B-6FFA-4BA4-899A-19909EC4A7A2} = {8D67AB48-F1E9-4FDD-BA82-2D661B1F868B}
		{CD535F33-BC8D-453C-B2C0-52287CA2285F} = {8D67AB48-F1E9-4FDD-BA82-2D661B1F868B}
		{AD1F26FB-5ED4-42E9-97D6-B54513E16B54} = {E8E40C8E-FADD-43D4-BACC-8A745F6885B6}
		{3DDF1F63-1821-43D5-BECE-23B6E2F72679} = {E8E40C8E-FADD-43D4-BACC-8A745F6885B6}
		{E3F0D870-736F-4918-9104-7C18F0179BF6} = {E8E40C8E-FADD-43D4-BACC-8A745F6885B6}
		{55F1BB66-55D4-499F-BFE6-EC091F78867B} = {FBF6ED7C-796C-4D21-AF42-E64A9E065C1A}
		{6C073EC9-71F7-4C77-BBF2-4D7344736DD2} = {FBF6ED7C-796C-4D21-AF42-E64A9E065C1A}
		{9D2D46A5-C1F6-4F36-B449-17FBA862D1DB} = {FBF6ED7C-796C-4D21-AF42-E64A9E065C1A}
	EndGlobalSection
	GlobalSection(ExtensibilityGlobals) = postSolution
		SolutionGuid = {46B9E271-9E44-40EC-A264-834BADC85997}
	EndGlobalSection
EndGlobal
